
Microsoft Visual Studio Solution File, Format Version 12.00
# Visual Studio Version 16
VisualStudioVersion = 16.0.30204.135
MinimumVisualStudioVersion = 10.0.40219.1
Project("{FAE04EC0-301F-11D3-BF4B-00C04F79EFBC}") = "canibespoofed-console", "canibespoofed-console\canibespoofed-console.csproj", "{B9F5A3F3-F048-4700-A668-D31623A9CB26}"
EndProject
Global
	GlobalSection(SolutionConfigurationPlatforms) = preSolution
		Debug|Any CPU = Debug|Any CPU
		Release|Any CPU = Release|Any CPU
	EndGlobalSection
	GlobalSection(ProjectConfigurationPlatforms) = postSolution
		{B9F5A3F3-F048-4700-A668-D31623A9CB26}.Debug|Any CPU.ActiveCfg = Debug|Any CPU
		{B9F5A3F3-F048-4700-A668-D31623A9CB26}.Debug|Any CPU.Build.0 = Debug|Any CPU
		{B9F5A3F3-F048-4700-A668-D31623A9CB26}.Release|Any CPU.ActiveCfg = Release|Any CPU
		{B9F5A3F3-F048-4700-A668-D31623A9CB26}.Release|Any CPU.Build.0 = Release|Any CPU
	EndGlobalSection
	GlobalSection(SolutionProperties) = preSolution
		HideSolutionNode = FALSE
	EndGlobalSection
	GlobalSection(ExtensibilityGlobals) = postSolution
		SolutionGuid = {9180679A-E93B-440D-A9F7-9990DF0A8317}
	EndGlobalSection
EndGlobal
